
Microsoft Visual Studio Solution File, Format Version 12.00
# Visual Studio Version 16
VisualStudioVersion = 16.0.30804.86
MinimumVisualStudioVersion = 10.0.40219.1
Project("{FAE04EC0-301F-11D3-BF4B-00C04F79EFBC}") = "Pattern challenge", "Pattern challenge\Pattern challenge.csproj", "{D78E27B6-3C95-42B5-8E42-E3CBB28F5639}"
EndProject
Global
	GlobalSection(SolutionConfigurationPlatforms) = preSolution
		Debug|Any CPU = Debug|Any CPU
		Release|Any CPU = Release|Any CPU
	EndGlobalSection
	GlobalSection(ProjectConfigurationPlatforms) = postSolution
		{D78E27B6-3C95-42B5-8E42-E3CBB28F5639}.Debug|Any CPU.ActiveCfg = Debug|Any CPU
		{D78E27B6-3C95-42B5-8E42-E3CBB28F5639}.Debug|Any CPU.Build.0 = Debug|Any CPU
		{D78E27B6-3C95-42B5-8E42-E3CBB28F5639}.Release|Any CPU.ActiveCfg = Release|Any CPU
		{D78E27B6-3C95-42B5-8E42-E3CBB28F5639}.Release|Any CPU.Build.0 = Release|Any CPU
	EndGlobalSection
	GlobalSection(SolutionProperties) = preSolution
		HideSolutionNode = FALSE
	EndGlobalSection
	GlobalSection(ExtensibilityGlobals) = postSolution
		SolutionGuid = {10FFF1D8-D5C5-488A-AD03-E8E7CA530700}
	EndGlobalSection
EndGlobal
